Microsoft Visual Studio Solution File, Format Version 12.00
# Visual Studio Version 17
VisualStudioVersion = 17.8.34525.116
MinimumVisualStudioVersion = 10.0.40219.1
Project("{9A19103F-16F7-4668-BE54-9A1E7A4F7556}") = "AIdol.Entity", "AIdol.Entity\AIdol.Entity.csproj", "{39C2121B-3344-4C85-BF84-548006128AF6}"
EndProject
Project("{9A19103F-16F7-4668-BE54-9A1E7A4F7556}") = "AIdol.Extension", "AIdol.Extension\AIdol.Extension.csproj", "{1254B2BA-80E9-450E-9B4C-113EA846DFB4}"
EndProject
Project("{9A19103F-16F7-4668-BE54-9A1E7A4F7556}") = "AIdol.Helper", "AIdol.Helper\AIdol.Helper.csproj", "{005A97B3-27F2-40D7-A3C3-BB45BE5C8D48}"
EndProject
Project("{9A19103F-16F7-4668-BE54-9A1E7A4F7556}") = "AIdol.IService", "AIdol.IService\AIdol.IService.csproj", "{4CBCE051-AA8E-4523-839A-701CD03709C8}"
EndProject
Project("{9A19103F-16F7-4668-BE54-9A1E7A4F7556}") = "AIdol.Model", "AIdol.Model\AIdol.Model.csproj", "{F6789930-926F-4D1D-A45D-803E25263814}"
EndProject
Project("{9A19103F-16F7-4668-BE54-9A1E7A4F7556}") = "AIdol.Repository", "AIdol.Repository\AIdol.Repository.csproj", "{01C9063A-1148-413B-97BF-DCD1485E78EA}"
EndProject
Project("{9A19103F-16F7-4668-BE54-9A1E7A4F7556}") = "AIdol.Service", "AIdol.Service\AIdol.Service.csproj", "{AA0ACD6F-4D72-4A50-BA0D-F6B1B85DD5FD}"
EndProject
Project("{9A19103F-16F7-4668-BE54-9A1E7A4F7556}") = "AIdol.Web", "AIdol.Web\AIdol.Web.csproj", "{4802AA06-2ECB-42EA-9FF8-F8CA3B88C016}"
EndProject
Project("{FAE04EC0-301F-11D3-BF4B-00C04F79EFBC}") = "PluginServer", "PluginServer\PluginServer.csproj", "{14090AA9-0918-4A51-AD13-74A0DE6487D8}"
EndProject
Global
	GlobalSection(SolutionConfigurationPlatforms) = preSolution
		Debug|Any CPU = Debug|Any CPU
		Release|Any CPU = Release|Any CPU
	EndGlobalSection
	GlobalSection(ProjectConfigurationPlatforms) = postSolution
		{39C2121B-3344-4C85-BF84-548006128AF6}.Debug|Any CPU.ActiveCfg = Debug|Any CPU
		{39C2121B-3344-4C85-BF84-548006128AF6}.Debug|Any CPU.Build.0 = Debug|Any CPU
		{39C2121B-3344-4C85-BF84-548006128AF6}.Release|Any CPU.ActiveCfg = Release|Any CPU
		{39C2121B-3344-4C85-BF84-548006128AF6}.Release|Any CPU.Build.0 = Release|Any CPU
		{1254B2BA-80E9-450E-9B4C-113EA846DFB4}.Debug|Any CPU.ActiveCfg = Debug|Any CPU
		{1254B2BA-80E9-450E-9B4C-113EA846DFB4}.Debug|Any CPU.Build.0 = Debug|Any CPU
		{1254B2BA-80E9-450E-9B4C-113EA846DFB4}.Release|Any CPU.ActiveCfg = Release|Any CPU
		{1254B2BA-80E9-450E-9B4C-113EA846DFB4}.Release|Any CPU.Build.0 = Release|Any CPU
		{005A97B3-27F2-40D7-A3C3-BB45BE5C8D48}.Debug|Any CPU.ActiveCfg = Debug|Any CPU
		{005A97B3-27F2-40D7-A3C3-BB45BE5C8D48}.Debug|Any CPU.Build.0 = Debug|Any CPU
		{005A97B3-27F2-40D7-A3C3-BB45BE5C8D48}.Release|Any CPU.ActiveCfg = Release|Any CPU
		{005A97B3-27F2-40D7-A3C3-BB45BE5C8D48}.Release|Any CPU.Build.0 = Release|Any CPU
		{4CBCE051-AA8E-4523-839A-701CD03709C8}.Debug|Any CPU.ActiveCfg = Debug|Any CPU
		{4CBCE051-AA8E-4523-839A-701CD03709C8}.Debug|Any CPU.Build.0 = Debug|Any CPU
		{4CBCE051-AA8E-4523-839A-701CD03709C8}.Release|Any CPU.ActiveCfg = Release|Any CPU
		{4CBCE051-AA8E-4523-839A-701CD03709C8}.Release|Any CPU.Build.0 = Release|Any CPU
		{F6789930-926F-4D1D-A45D-803E25263814}.Debug|Any CPU.ActiveCfg = Debug|Any CPU
		{F6789930-926F-4D1D-A45D-803E25263814}.Debug|Any CPU.Build.0 = Debug|Any CPU
		{F6789930-926F-4D1D-A45D-803E25263814}.Release|Any CPU.ActiveCfg = Release|Any CPU
		{F6789930-926F-4D1D-A45D-803E25263814}.Release|Any CPU.Build.0 = Release|Any CPU
		{01C9063A-1148-413B-97BF-DCD1485E78EA}.Debug|Any CPU.ActiveCfg = Debug|Any CPU
		{01C9063A-1148-413B-97BF-DCD1485E78EA}.Debug|Any CPU.Build.0 = Debug|Any CPU
		{01C9063A-1148-413B-97BF-DCD1485E78EA}.Release|Any CPU.ActiveCfg = Release|Any CPU
		{01C9063A-1148-413B-97BF-DCD1485E78EA}.Release|Any CPU.Build.0 = Release|Any CPU
		{AA0ACD6F-4D72-4A50-BA0D-F6B1B85DD5FD}.Debug|Any CPU.ActiveCfg = Debug|Any CPU
		{AA0ACD6F-4D72-4A50-BA0D-F6B1B85DD5FD}.Debug|Any CPU.Build.0 = Debug|Any CPU
		{AA0ACD6F-4D72-4A50-BA0D-F6B1B85DD5FD}.Release|Any CPU.ActiveCfg = Release|Any CPU
		{AA0ACD6F-4D72-4A50-BA0D-F6B1B85DD5FD}.Release|Any CPU.Build.0 = Release|Any CPU
		{4802AA06-2ECB-42EA-9FF8-F8CA3B88C016}.Debug|Any CPU.ActiveCfg = Debug|Any CPU
		{4802AA06-2ECB-42EA-9FF8-F8CA3B88C016}.Debug|Any CPU.Build.0 = Debug|Any CPU
		{4802AA06-2ECB-42EA-9FF8-F8CA3B88C016}.Release|Any CPU.ActiveCfg = Release|Any CPU
		{4802AA06-2ECB-42EA-9FF8-F8CA3B88C016}.Release|Any CPU.Build.0 = Release|Any CPU
		{14090AA9-0918-4A51-AD13-74A0DE6487D8}.Debug|Any CPU.ActiveCfg = Debug|Any CPU
		{14090AA9-0918-4A51-AD13-74A0DE6487D8}.Debug|Any CPU.Build.0 = Debug|Any CPU
		{14090AA9-0918-4A51-AD13-74A0DE6487D8}.Release|Any CPU.ActiveCfg = Release|Any CPU
		{14090AA9-0918-4A51-AD13-74A0DE6487D8}.Release|Any CPU.Build.0 = Release|Any CPU
	EndGlobalSection
	GlobalSection(SolutionProperties) = preSolution
		HideSolutionNode = FALSE
	EndGlobalSection
	GlobalSection(ExtensibilityGlobals) = postSolution
		SolutionGuid = {218D1E43-4A07-4E43-B0B2-19C944A06F30}
	EndGlobalSection
EndGlobal
