Microsoft Visual Studio Solution File, Format Version 12.00
# Visual Studio Version 17
VisualStudioVersion = 17.8.34525.116
MinimumVisualStudioVersion = 10.0.40219.1
Project("{9A19103F-16F7-4668-BE54-9A1E7A4F7556}") = "StarBot.Entity", "StarBot.Entity\StarBot.Entity.csproj", "{39C2121B-3344-4C85-BF84-548006128AF6}"
EndProject
Project("{9A19103F-16F7-4668-BE54-9A1E7A4F7556}") = "StarBot.Extension", "StarBot.Extension\StarBot.Extension.csproj", "{1254B2BA-80E9-450E-9B4C-113EA846DFB4}"
EndProject
Project("{9A19103F-16F7-4668-BE54-9A1E7A4F7556}") = "StarBot.Helper", "StarBot.Helper\StarBot.Helper.csproj", "{005A97B3-27F2-40D7-A3C3-BB45BE5C8D48}"
EndProject
Project("{9A19103F-16F7-4668-BE54-9A1E7A4F7556}") = "StarBot.IService", "StarBot.IService\StarBot.IService.csproj", "{4CBCE051-AA8E-4523-839A-701CD03709C8}"
EndProject
Project("{9A19103F-16F7-4668-BE54-9A1E7A4F7556}") = "StarBot.Model", "StarBot.Model\StarBot.Model.csproj", "{F6789930-926F-4D1D-A45D-803E25263814}"
EndProject
Project("{9A19103F-16F7-4668-BE54-9A1E7A4F7556}") = "StarBot.Repository", "StarBot.Repository\StarBot.Repository.csproj", "{01C9063A-1148-413B-97BF-DCD1485E78EA}"
EndProject
Project("{9A19103F-16F7-4668-BE54-9A1E7A4F7556}") = "StarBot.Service", "StarBot.Service\StarBot.Service.csproj", "{AA0ACD6F-4D72-4A50-BA0D-F6B1B85DD5FD}"
EndProject
Project("{9A19103F-16F7-4668-BE54-9A1E7A4F7556}") = "StarBot.API", "StarBot.API\StarBot.API.csproj", "{4802AA06-2ECB-42EA-9FF8-F8CA3B88C016}"
EndProject
Project("{9A19103F-16F7-4668-BE54-9A1E7A4F7556}") = "StarBot.Timer", "StarBot.Timer\StarBot.Timer.csproj", "{827BAA05-E7EE-4F06-9E5E-6DA0F941D26C}"
EndProject
Project("{9A19103F-16F7-4668-BE54-9A1E7A4F7556}") = "StarBot", "StarBot\StarBot.csproj", "{6AEE7FDD-8503-42C5-9F8C-52CBF9E21C57}"
EndProject
Project("{9A19103F-16F7-4668-BE54-9A1E7A4F7556}") = "StarBot.Photino", "StarBot.Photino\StarBot.Photino.csproj", "{B2769FD2-13C8-4CD9-ACE9-A4C17C3224B7}"
EndProject
Global
	GlobalSection(SolutionConfigurationPlatforms) = preSolution
		Debug|Any CPU = Debug|Any CPU
		Debug|ARM64 = Debug|ARM64
		Debug|x64 = Debug|x64
		Debug|x86 = Debug|x86
		Release|Any CPU = Release|Any CPU
		Release|ARM64 = Release|ARM64
		Release|x64 = Release|x64
		Release|x86 = Release|x86
	EndGlobalSection
	GlobalSection(ProjectConfigurationPlatforms) = postSolution
		{39C2121B-3344-4C85-BF84-548006128AF6}.Debug|Any CPU.ActiveCfg = Debug|Any CPU
		{39C2121B-3344-4C85-BF84-548006128AF6}.Debug|Any CPU.Build.0 = Debug|Any CPU
		{39C2121B-3344-4C85-BF84-548006128AF6}.Debug|ARM64.ActiveCfg = Debug|ARM64
		{39C2121B-3344-4C85-BF84-548006128AF6}.Debug|ARM64.Build.0 = Debug|ARM64
		{39C2121B-3344-4C85-BF84-548006128AF6}.Debug|x64.ActiveCfg = Debug|x64
		{39C2121B-3344-4C85-BF84-548006128AF6}.Debug|x64.Build.0 = Debug|x64
		{39C2121B-3344-4C85-BF84-548006128AF6}.Debug|x86.ActiveCfg = Debug|x86
		{39C2121B-3344-4C85-BF84-548006128AF6}.Debug|x86.Build.0 = Debug|x86
		{39C2121B-3344-4C85-BF84-548006128AF6}.Release|Any CPU.ActiveCfg = Release|Any CPU
		{39C2121B-3344-4C85-BF84-548006128AF6}.Release|Any CPU.Build.0 = Release|Any CPU
		{39C2121B-3344-4C85-BF84-548006128AF6}.Release|ARM64.ActiveCfg = Release|ARM64
		{39C2121B-3344-4C85-BF84-548006128AF6}.Release|ARM64.Build.0 = Release|ARM64
		{39C2121B-3344-4C85-BF84-548006128AF6}.Release|x64.ActiveCfg = Release|x64
		{39C2121B-3344-4C85-BF84-548006128AF6}.Release|x64.Build.0 = Release|x64
		{39C2121B-3344-4C85-BF84-548006128AF6}.Release|x86.ActiveCfg = Release|x86
		{39C2121B-3344-4C85-BF84-548006128AF6}.Release|x86.Build.0 = Release|x86
		{1254B2BA-80E9-450E-9B4C-113EA846DFB4}.Debug|Any CPU.ActiveCfg = Debug|Any CPU
		{1254B2BA-80E9-450E-9B4C-113EA846DFB4}.Debug|Any CPU.Build.0 = Debug|Any CPU
		{1254B2BA-80E9-450E-9B4C-113EA846DFB4}.Debug|ARM64.ActiveCfg = Debug|ARM64
		{1254B2BA-80E9-450E-9B4C-113EA846DFB4}.Debug|ARM64.Build.0 = Debug|ARM64
		{1254B2BA-80E9-450E-9B4C-113EA846DFB4}.Debug|x64.ActiveCfg = Debug|x64
		{1254B2BA-80E9-450E-9B4C-113EA846DFB4}.Debug|x64.Build.0 = Debug|x64
		{1254B2BA-80E9-450E-9B4C-113EA846DFB4}.Debug|x86.ActiveCfg = Debug|x86
		{1254B2BA-80E9-450E-9B4C-113EA846DFB4}.Debug|x86.Build.0 = Debug|x86
		{1254B2BA-80E9-450E-9B4C-113EA846DFB4}.Release|Any CPU.ActiveCfg = Release|Any CPU
		{1254B2BA-80E9-450E-9B4C-113EA846DFB4}.Release|Any CPU.Build.0 = Release|Any CPU
		{1254B2BA-80E9-450E-9B4C-113EA846DFB4}.Release|ARM64.ActiveCfg = Release|ARM64
		{1254B2BA-80E9-450E-9B4C-113EA846DFB4}.Release|ARM64.Build.0 = Release|ARM64
		{1254B2BA-80E9-450E-9B4C-113EA846DFB4}.Release|x64.ActiveCfg = Release|x64
		{1254B2BA-80E9-450E-9B4C-113EA846DFB4}.Release|x64.Build.0 = Release|x64
		{1254B2BA-80E9-450E-9B4C-113EA846DFB4}.Release|x86.ActiveCfg = Release|x86
		{1254B2BA-80E9-450E-9B4C-113EA846DFB4}.Release|x86.Build.0 = Release|x86
		{005A97B3-27F2-40D7-A3C3-BB45BE5C8D48}.Debug|Any CPU.ActiveCfg = Debug|Any CPU
		{005A97B3-27F2-40D7-A3C3-BB45BE5C8D48}.Debug|Any CPU.Build.0 = Debug|Any CPU
		{005A97B3-27F2-40D7-A3C3-BB45BE5C8D48}.Debug|ARM64.ActiveCfg = Debug|ARM64
		{005A97B3-27F2-40D7-A3C3-BB45BE5C8D48}.Debug|ARM64.Build.0 = Debug|ARM64
		{005A97B3-27F2-40D7-A3C3-BB45BE5C8D48}.Debug|x64.ActiveCfg = Debug|x64
		{005A97B3-27F2-40D7-A3C3-BB45BE5C8D48}.Debug|x64.Build.0 = Debug|x64
		{005A97B3-27F2-40D7-A3C3-BB45BE5C8D48}.Debug|x86.ActiveCfg = Debug|x86
		{005A97B3-27F2-40D7-A3C3-BB45BE5C8D48}.Debug|x86.Build.0 = Debug|x86
		{005A97B3-27F2-40D7-A3C3-BB45BE5C8D48}.Release|Any CPU.ActiveCfg = Release|Any CPU
		{005A97B3-27F2-40D7-A3C3-BB45BE5C8D48}.Release|Any CPU.Build.0 = Release|Any CPU
		{005A97B3-27F2-40D7-A3C3-BB45BE5C8D48}.Release|ARM64.ActiveCfg = Release|ARM64
		{005A97B3-27F2-40D7-A3C3-BB45BE5C8D48}.Release|ARM64.Build.0 = Release|ARM64
		{005A97B3-27F2-40D7-A3C3-BB45BE5C8D48}.Release|x64.ActiveCfg = Release|x64
		{005A97B3-27F2-40D7-A3C3-BB45BE5C8D48}.Release|x64.Build.0 = Release|x64
		{005A97B3-27F2-40D7-A3C3-BB45BE5C8D48}.Release|x86.ActiveCfg = Release|x86
		{005A97B3-27F2-40D7-A3C3-BB45BE5C8D48}.Release|x86.Build.0 = Release|x86
		{4CBCE051-AA8E-4523-839A-701CD03709C8}.Debug|Any CPU.ActiveCfg = Debug|Any CPU
		{4CBCE051-AA8E-4523-839A-701CD03709C8}.Debug|Any CPU.Build.0 = Debug|Any CPU
		{4CBCE051-AA8E-4523-839A-701CD03709C8}.Debug|ARM64.ActiveCfg = Debug|ARM64
		{4CBCE051-AA8E-4523-839A-701CD03709C8}.Debug|ARM64.Build.0 = Debug|ARM64
		{4CBCE051-AA8E-4523-839A-701CD03709C8}.Debug|x64.ActiveCfg = Debug|x64
		{4CBCE051-AA8E-4523-839A-701CD03709C8}.Debug|x64.Build.0 = Debug|x64
		{4CBCE051-AA8E-4523-839A-701CD03709C8}.Debug|x86.ActiveCfg = Debug|x86
		{4CBCE051-AA8E-4523-839A-701CD03709C8}.Debug|x86.Build.0 = Debug|x86
		{4CBCE051-AA8E-4523-839A-701CD03709C8}.Release|Any CPU.ActiveCfg = Release|Any CPU
		{4CBCE051-AA8E-4523-839A-701CD03709C8}.Release|Any CPU.Build.0 = Release|Any CPU
		{4CBCE051-AA8E-4523-839A-701CD03709C8}.Release|ARM64.ActiveCfg = Release|ARM64
		{4CBCE051-AA8E-4523-839A-701CD03709C8}.Release|ARM64.Build.0 = Release|ARM64
		{4CBCE051-AA8E-4523-839A-701CD03709C8}.Release|x64.ActiveCfg = Release|x64
		{4CBCE051-AA8E-4523-839A-701CD03709C8}.Release|x64.Build.0 = Release|x64
		{4CBCE051-AA8E-4523-839A-701CD03709C8}.Release|x86.ActiveCfg = Release|x86
		{4CBCE051-AA8E-4523-839A-701CD03709C8}.Release|x86.Build.0 = Release|x86
		{F6789930-926F-4D1D-A45D-803E25263814}.Debug|Any CPU.ActiveCfg = Debug|Any CPU
		{F6789930-926F-4D1D-A45D-803E25263814}.Debug|Any CPU.Build.0 = Debug|Any CPU
		{F6789930-926F-4D1D-A45D-803E25263814}.Debug|ARM64.ActiveCfg = Debug|ARM64
		{F6789930-926F-4D1D-A45D-803E25263814}.Debug|ARM64.Build.0 = Debug|ARM64
		{F6789930-926F-4D1D-A45D-803E25263814}.Debug|x64.ActiveCfg = Debug|x64
		{F6789930-926F-4D1D-A45D-803E25263814}.Debug|x64.Build.0 = Debug|x64
		{F6789930-926F-4D1D-A45D-803E25263814}.Debug|x86.ActiveCfg = Debug|x86
		{F6789930-926F-4D1D-A45D-803E25263814}.Debug|x86.Build.0 = Debug|x86
		{F6789930-926F-4D1D-A45D-803E25263814}.Release|Any CPU.ActiveCfg = Release|Any CPU
		{F6789930-926F-4D1D-A45D-803E25263814}.Release|Any CPU.Build.0 = Release|Any CPU
		{F6789930-926F-4D1D-A45D-803E25263814}.Release|ARM64.ActiveCfg = Release|ARM64
		{F6789930-926F-4D1D-A45D-803E25263814}.Release|ARM64.Build.0 = Release|ARM64
		{F6789930-926F-4D1D-A45D-803E25263814}.Release|x64.ActiveCfg = Release|x64
		{F6789930-926F-4D1D-A45D-803E25263814}.Release|x64.Build.0 = Release|x64
		{F6789930-926F-4D1D-A45D-803E25263814}.Release|x86.ActiveCfg = Release|x86
		{F6789930-926F-4D1D-A45D-803E25263814}.Release|x86.Build.0 = Release|x86
		{01C9063A-1148-413B-97BF-DCD1485E78EA}.Debug|Any CPU.ActiveCfg = Debug|Any CPU
		{01C9063A-1148-413B-97BF-DCD1485E78EA}.Debug|Any CPU.Build.0 = Debug|Any CPU
		{01C9063A-1148-413B-97BF-DCD1485E78EA}.Debug|ARM64.ActiveCfg = Debug|ARM64
		{01C9063A-1148-413B-97BF-DCD1485E78EA}.Debug|ARM64.Build.0 = Debug|ARM64
		{01C9063A-1148-413B-97BF-DCD1485E78EA}.Debug|x64.ActiveCfg = Debug|x64
		{01C9063A-1148-413B-97BF-DCD1485E78EA}.Debug|x64.Build.0 = Debug|x64
		{01C9063A-1148-413B-97BF-DCD1485E78EA}.Debug|x86.ActiveCfg = Debug|x86
		{01C9063A-1148-413B-97BF-DCD1485E78EA}.Debug|x86.Build.0 = Debug|x86
		{01C9063A-1148-413B-97BF-DCD1485E78EA}.Release|Any CPU.ActiveCfg = Release|Any CPU
		{01C9063A-1148-413B-97BF-DCD1485E78EA}.Release|Any CPU.Build.0 = Release|Any CPU
		{01C9063A-1148-413B-97BF-DCD1485E78EA}.Release|ARM64.ActiveCfg = Release|ARM64
		{01C9063A-1148-413B-97BF-DCD1485E78EA}.Release|ARM64.Build.0 = Release|ARM64
		{01C9063A-1148-413B-97BF-DCD1485E78EA}.Release|x64.ActiveCfg = Release|x64
		{01C9063A-1148-413B-97BF-DCD1485E78EA}.Release|x64.Build.0 = Release|x64
		{01C9063A-1148-413B-97BF-DCD1485E78EA}.Release|x86.ActiveCfg = Release|x86
		{01C9063A-1148-413B-97BF-DCD1485E78EA}.Release|x86.Build.0 = Release|x86
		{AA0ACD6F-4D72-4A50-BA0D-F6B1B85DD5FD}.Debug|Any CPU.ActiveCfg = Debug|Any CPU
		{AA0ACD6F-4D72-4A50-BA0D-F6B1B85DD5FD}.Debug|Any CPU.Build.0 = Debug|Any CPU
		{AA0ACD6F-4D72-4A50-BA0D-F6B1B85DD5FD}.Debug|ARM64.ActiveCfg = Debug|ARM64
		{AA0ACD6F-4D72-4A50-BA0D-F6B1B85DD5FD}.Debug|ARM64.Build.0 = Debug|ARM64
		{AA0ACD6F-4D72-4A50-BA0D-F6B1B85DD5FD}.Debug|x64.ActiveCfg = Debug|x64
		{AA0ACD6F-4D72-4A50-BA0D-F6B1B85DD5FD}.Debug|x64.Build.0 = Debug|x64
		{AA0ACD6F-4D72-4A50-BA0D-F6B1B85DD5FD}.Debug|x86.ActiveCfg = Debug|x86
		{AA0ACD6F-4D72-4A50-BA0D-F6B1B85DD5FD}.Debug|x86.Build.0 = Debug|x86
		{AA0ACD6F-4D72-4A50-BA0D-F6B1B85DD5FD}.Release|Any CPU.ActiveCfg = Release|Any CPU
		{AA0ACD6F-4D72-4A50-BA0D-F6B1B85DD5FD}.Release|Any CPU.Build.0 = Release|Any CPU
		{AA0ACD6F-4D72-4A50-BA0D-F6B1B85DD5FD}.Release|ARM64.ActiveCfg = Release|ARM64
		{AA0ACD6F-4D72-4A50-BA0D-F6B1B85DD5FD}.Release|ARM64.Build.0 = Release|ARM64
		{AA0ACD6F-4D72-4A50-BA0D-F6B1B85DD5FD}.Release|x64.ActiveCfg = Release|x64
		{AA0ACD6F-4D72-4A50-BA0D-F6B1B85DD5FD}.Release|x64.Build.0 = Release|x64
		{AA0ACD6F-4D72-4A50-BA0D-F6B1B85DD5FD}.Release|x86.ActiveCfg = Release|x86
		{AA0ACD6F-4D72-4A50-BA0D-F6B1B85DD5FD}.Release|x86.Build.0 = Release|x86
		{4802AA06-2ECB-42EA-9FF8-F8CA3B88C016}.Debug|Any CPU.ActiveCfg = Debug|Any CPU
		{4802AA06-2ECB-42EA-9FF8-F8CA3B88C016}.Debug|Any CPU.Build.0 = Debug|Any CPU
		{4802AA06-2ECB-42EA-9FF8-F8CA3B88C016}.Debug|ARM64.ActiveCfg = Debug|ARM64
		{4802AA06-2ECB-42EA-9FF8-F8CA3B88C016}.Debug|ARM64.Build.0 = Debug|ARM64
		{4802AA06-2ECB-42EA-9FF8-F8CA3B88C016}.Debug|x64.ActiveCfg = Debug|x64
		{4802AA06-2ECB-42EA-9FF8-F8CA3B88C016}.Debug|x64.Build.0 = Debug|x64
		{4802AA06-2ECB-42EA-9FF8-F8CA3B88C016}.Debug|x86.ActiveCfg = Debug|x86
		{4802AA06-2ECB-42EA-9FF8-F8CA3B88C016}.Debug|x86.Build.0 = Debug|x86
		{4802AA06-2ECB-42EA-9FF8-F8CA3B88C016}.Release|Any CPU.ActiveCfg = Release|Any CPU
		{4802AA06-2ECB-42EA-9FF8-F8CA3B88C016}.Release|Any CPU.Build.0 = Release|Any CPU
		{4802AA06-2ECB-42EA-9FF8-F8CA3B88C016}.Release|ARM64.ActiveCfg = Release|ARM64
		{4802AA06-2ECB-42EA-9FF8-F8CA3B88C016}.Release|ARM64.Build.0 = Release|ARM64
		{4802AA06-2ECB-42EA-9FF8-F8CA3B88C016}.Release|x64.ActiveCfg = Release|x64
		{4802AA06-2ECB-42EA-9FF8-F8CA3B88C016}.Release|x64.Build.0 = Release|x64
		{4802AA06-2ECB-42EA-9FF8-F8CA3B88C016}.Release|x86.ActiveCfg = Release|x86
		{4802AA06-2ECB-42EA-9FF8-F8CA3B88C016}.Release|x86.Build.0 = Release|x86
		{827BAA05-E7EE-4F06-9E5E-6DA0F941D26C}.Debug|Any CPU.ActiveCfg = Debug|Any CPU
		{827BAA05-E7EE-4F06-9E5E-6DA0F941D26C}.Debug|Any CPU.Build.0 = Debug|Any CPU
		{827BAA05-E7EE-4F06-9E5E-6DA0F941D26C}.Debug|ARM64.ActiveCfg = Debug|ARM64
		{827BAA05-E7EE-4F06-9E5E-6DA0F941D26C}.Debug|ARM64.Build.0 = Debug|ARM64
		{827BAA05-E7EE-4F06-9E5E-6DA0F941D26C}.Debug|x64.ActiveCfg = Debug|x64
		{827BAA05-E7EE-4F06-9E5E-6DA0F941D26C}.Debug|x64.Build.0 = Debug|x64
		{827BAA05-E7EE-4F06-9E5E-6DA0F941D26C}.Debug|x86.ActiveCfg = Debug|x86
		{827BAA05-E7EE-4F06-9E5E-6DA0F941D26C}.Debug|x86.Build.0 = Debug|x86
		{827BAA05-E7EE-4F06-9E5E-6DA0F941D26C}.Release|Any CPU.ActiveCfg = Release|Any CPU
		{827BAA05-E7EE-4F06-9E5E-6DA0F941D26C}.Release|Any CPU.Build.0 = Release|Any CPU
		{827BAA05-E7EE-4F06-9E5E-6DA0F941D26C}.Release|ARM64.ActiveCfg = Release|ARM64
		{827BAA05-E7EE-4F06-9E5E-6DA0F941D26C}.Release|ARM64.Build.0 = Release|ARM64
		{827BAA05-E7EE-4F06-9E5E-6DA0F941D26C}.Release|x64.ActiveCfg = Release|x64
		{827BAA05-E7EE-4F06-9E5E-6DA0F941D26C}.Release|x64.Build.0 = Release|x64
		{827BAA05-E7EE-4F06-9E5E-6DA0F941D26C}.Release|x86.ActiveCfg = Release|x86
		{827BAA05-E7EE-4F06-9E5E-6DA0F941D26C}.Release|x86.Build.0 = Release|x86
		{6AEE7FDD-8503-42C5-9F8C-52CBF9E21C57}.Debug|Any CPU.ActiveCfg = Debug|Any CPU
		{6AEE7FDD-8503-42C5-9F8C-52CBF9E21C57}.Debug|Any CPU.Build.0 = Debug|Any CPU
		{6AEE7FDD-8503-42C5-9F8C-52CBF9E21C57}.Debug|ARM64.ActiveCfg = Debug|ARM64
		{6AEE7FDD-8503-42C5-9F8C-52CBF9E21C57}.Debug|ARM64.Build.0 = Debug|ARM64
		{6AEE7FDD-8503-42C5-9F8C-52CBF9E21C57}.Debug|x64.ActiveCfg = Debug|x64
		{6AEE7FDD-8503-42C5-9F8C-52CBF9E21C57}.Debug|x64.Build.0 = Debug|x64
		{6AEE7FDD-8503-42C5-9F8C-52CBF9E21C57}.Debug|x86.ActiveCfg = Debug|x86
		{6AEE7FDD-8503-42C5-9F8C-52CBF9E21C57}.Debug|x86.Build.0 = Debug|x86
		{6AEE7FDD-8503-42C5-9F8C-52CBF9E21C57}.Release|Any CPU.ActiveCfg = Release|Any CPU
		{6AEE7FDD-8503-42C5-9F8C-52CBF9E21C57}.Release|Any CPU.Build.0 = Release|Any CPU
		{6AEE7FDD-8503-42C5-9F8C-52CBF9E21C57}.Release|ARM64.ActiveCfg = Release|ARM64
		{6AEE7FDD-8503-42C5-9F8C-52CBF9E21C57}.Release|ARM64.Build.0 = Release|ARM64
		{6AEE7FDD-8503-42C5-9F8C-52CBF9E21C57}.Release|x64.ActiveCfg = Release|x64
		{6AEE7FDD-8503-42C5-9F8C-52CBF9E21C57}.Release|x64.Build.0 = Release|x64
		{6AEE7FDD-8503-42C5-9F8C-52CBF9E21C57}.Release|x86.ActiveCfg = Release|x86
		{6AEE7FDD-8503-42C5-9F8C-52CBF9E21C57}.Release|x86.Build.0 = Release|x86
		{B2769FD2-13C8-4CD9-ACE9-A4C17C3224B7}.Debug|Any CPU.ActiveCfg = Debug|Any CPU
		{B2769FD2-13C8-4CD9-ACE9-A4C17C3224B7}.Debug|Any CPU.Build.0 = Debug|Any CPU
		{B2769FD2-13C8-4CD9-ACE9-A4C17C3224B7}.Debug|ARM64.ActiveCfg = Debug|ARM64
		{B2769FD2-13C8-4CD9-ACE9-A4C17C3224B7}.Debug|ARM64.Build.0 = Debug|ARM64
		{B2769FD2-13C8-4CD9-ACE9-A4C17C3224B7}.Debug|x64.ActiveCfg = Debug|x64
		{B2769FD2-13C8-4CD9-ACE9-A4C17C3224B7}.Debug|x64.Build.0 = Debug|x64
		{B2769FD2-13C8-4CD9-ACE9-A4C17C3224B7}.Debug|x86.ActiveCfg = Debug|x86
		{B2769FD2-13C8-4CD9-ACE9-A4C17C3224B7}.Debug|x86.Build.0 = Debug|x86
		{B2769FD2-13C8-4CD9-ACE9-A4C17C3224B7}.Release|Any CPU.ActiveCfg = Release|Any CPU
		{B2769FD2-13C8-4CD9-ACE9-A4C17C3224B7}.Release|Any CPU.Build.0 = Release|Any CPU
		{B2769FD2-13C8-4CD9-ACE9-A4C17C3224B7}.Release|ARM64.ActiveCfg = Release|ARM64
		{B2769FD2-13C8-4CD9-ACE9-A4C17C3224B7}.Release|ARM64.Build.0 = Release|ARM64
		{B2769FD2-13C8-4CD9-ACE9-A4C17C3224B7}.Release|x64.ActiveCfg = Release|x64
		{B2769FD2-13C8-4CD9-ACE9-A4C17C3224B7}.Release|x64.Build.0 = Release|x64
		{B2769FD2-13C8-4CD9-ACE9-A4C17C3224B7}.Release|x86.ActiveCfg = Release|x86
		{B2769FD2-13C8-4CD9-ACE9-A4C17C3224B7}.Release|x86.Build.0 = Release|x86
	EndGlobalSection
	GlobalSection(SolutionProperties) = preSolution
		HideSolutionNode = FALSE
	EndGlobalSection
	GlobalSection(ExtensibilityGlobals) = postSolution
		SolutionGuid = {218D1E43-4A07-4E43-B0B2-19C944A06F30}
	EndGlobalSection
EndGlobal
